
Microsoft Visual Studio Solution File, Format Version 12.00
# Visual Studio Version 17
VisualStudioVersion = 17.0.31903.59
MinimumVisualStudioVersion = 10.0.40219.1
Project("{FAE04EC0-301F-11D3-BF4B-00C04F79EFBC}") = "MyApp", "MyApp.csproj", "{1F6CC7ED-C5C1-441A-9F3A-61C1A0DFA82C}"
EndProject
Project("{FAE04EC0-301F-11D3-BF4B-00C04F79EFBC}") = "App", "App.csproj", "{98E9BF6D-2324-4723-A59F-31BF0C4925FB}"
EndProject
Global
	GlobalSection(SolutionConfigurationPlatforms) = preSolution
		Debug|Any CPU = Debug|Any CPU
		Debug|x64 = Debug|x64
		Debug|x86 = Debug|x86
		Release|Any CPU = Release|Any CPU
		Release|x64 = Release|x64
		Release|x86 = Release|x86
	EndGlobalSection
	GlobalSection(ProjectConfigurationPlatforms) = postSolution
		{1F6CC7ED-C5C1-441A-9F3A-61C1A0DFA82C}.Debug|Any CPU.ActiveCfg = Debug|Any CPU
		{1F6CC7ED-C5C1-441A-9F3A-61C1A0DFA82C}.Debug|Any CPU.Build.0 = Debug|Any CPU
		{1F6CC7ED-C5C1-441A-9F3A-61C1A0DFA82C}.Debug|x64.ActiveCfg = Debug|Any CPU
		{1F6CC7ED-C5C1-441A-9F3A-61C1A0DFA82C}.Debug|x64.Build.0 = Debug|Any CPU
		{1F6CC7ED-C5C1-441A-9F3A-61C1A0DFA82C}.Debug|x86.ActiveCfg = Debug|Any CPU
		{1F6CC7ED-C5C1-441A-9F3A-61C1A0DFA82C}.Debug|x86.Build.0 = Debug|Any CPU
		{1F6CC7ED-C5C1-441A-9F3A-61C1A0DFA82C}.Release|Any CPU.ActiveCfg = Release|Any CPU
		{1F6CC7ED-C5C1-441A-9F3A-61C1A0DFA82C}.Release|Any CPU.Build.0 = Release|Any CPU
		{1F6CC7ED-C5C1-441A-9F3A-61C1A0DFA82C}.Release|x64.ActiveCfg = Release|Any CPU
		{1F6CC7ED-C5C1-441A-9F3A-61C1A0DFA82C}.Release|x64.Build.0 = Release|Any CPU
		{1F6CC7ED-C5C1-441A-9F3A-61C1A0DFA82C}.Release|x86.ActiveCfg = Release|Any CPU
		{1F6CC7ED-C5C1-441A-9F3A-61C1A0DFA82C}.Release|x86.Build.0 = Release|Any CPU
		{98E9BF6D-2324-4723-A59F-31BF0C4925FB}.Debug|Any CPU.ActiveCfg = Debug|Any CPU
		{98E9BF6D-2324-4723-A59F-31BF0C4925FB}.Debug|Any CPU.Build.0 = Debug|Any CPU
		{98E9BF6D-2324-4723-A59F-31BF0C4925FB}.Debug|x64.ActiveCfg = Debug|Any CPU
		{98E9BF6D-2324-4723-A59F-31BF0C4925FB}.Debug|x64.Build.0 = Debug|Any CPU
		{98E9BF6D-2324-4723-A59F-31BF0C4925FB}.Debug|x86.ActiveCfg = Debug|Any CPU
		{98E9BF6D-2324-4723-A59F-31BF0C4925FB}.Debug|x86.Build.0 = Debug|Any CPU
		{98E9BF6D-2324-4723-A59F-31BF0C4925FB}.Release|Any CPU.ActiveCfg = Release|Any CPU
		{98E9BF6D-2324-4723-A59F-31BF0C4925FB}.Release|Any CPU.Build.0 = Release|Any CPU
		{98E9BF6D-2324-4723-A59F-31BF0C4925FB}.Release|x64.ActiveCfg = Release|Any CPU
		{98E9BF6D-2324-4723-A59F-31BF0C4925FB}.Release|x64.Build.0 = Release|Any CPU
		{98E9BF6D-2324-4723-A59F-31BF0C4925FB}.Release|x86.ActiveCfg = Release|Any CPU
		{98E9BF6D-2324-4723-A59F-31BF0C4925FB}.Release|x86.Build.0 = Release|Any CPU
	EndGlobalSection
	GlobalSection(SolutionProperties) = preSolution
		HideSolutionNode = FALSE
	EndGlobalSection
EndGlobal
